
Microsoft Visual Studio Solution File, Format Version 12.00
# Visual Studio Version 16
VisualStudioVersion = 16.0.31729.503
MinimumVisualStudioVersion = 10.0.40219.1
Project("{FAE04EC0-301F-11D3-BF4B-00C04F79EFBC}") = "104+_Siniflara_Giris", "104+_Siniflara_Giris\104+_Siniflara_Giris.csproj", "{B6DB7055-BCCE-4EF3-BD44-90B875A17333}"
EndProject
Global
	GlobalSection(SolutionConfigurationPlatforms) = preSolution
		Debug|Any CPU = Debug|Any CPU
		Release|Any CPU = Release|Any CPU
	EndGlobalSection
	GlobalSection(ProjectConfigurationPlatforms) = postSolution
		{B6DB7055-BCCE-4EF3-BD44-90B875A17333}.Debug|Any CPU.ActiveCfg = Debug|Any CPU
		{B6DB7055-BCCE-4EF3-BD44-90B875A17333}.Debug|Any CPU.Build.0 = Debug|Any CPU
		{B6DB7055-BCCE-4EF3-BD44-90B875A17333}.Release|Any CPU.ActiveCfg = Release|Any CPU
		{B6DB7055-BCCE-4EF3-BD44-90B875A17333}.Release|Any CPU.Build.0 = Release|Any CPU
	EndGlobalSection
	GlobalSection(SolutionProperties) = preSolution
		HideSolutionNode = FALSE
	EndGlobalSection
	GlobalSection(ExtensibilityGlobals) = postSolution
		SolutionGuid = {23FCEC8A-64B6-49E8-B557-18EA2AD489D1}
	EndGlobalSection
EndGlobal
