
Microsoft Visual Studio Solution File, Format Version 12.00
# Visual Studio Version 16
VisualStudioVersion = 16.0.31729.503
MinimumVisualStudioVersion = 10.0.40219.1
Project("{FAE04EC0-301F-11D3-BF4B-00C04F79EFBC}") = "SinifNesneleriniAnlamak-1", "SinifNesneleriniAnlamak-1\SinifNesneleriniAnlamak-1.csproj", "{6E3E36F9-7362-46E0-B778-7832C38A4F31}"
EndProject
Global
	GlobalSection(SolutionConfigurationPlatforms) = preSolution
		Debug|Any CPU = Debug|Any CPU
		Release|Any CPU = Release|Any CPU
	EndGlobalSection
	GlobalSection(ProjectConfigurationPlatforms) = postSolution
		{6E3E36F9-7362-46E0-B778-7832C38A4F31}.Debug|Any CPU.ActiveCfg = Debug|Any CPU
		{6E3E36F9-7362-46E0-B778-7832C38A4F31}.Debug|Any CPU.Build.0 = Debug|Any CPU
		{6E3E36F9-7362-46E0-B778-7832C38A4F31}.Release|Any CPU.ActiveCfg = Release|Any CPU
		{6E3E36F9-7362-46E0-B778-7832C38A4F31}.Release|Any CPU.Build.0 = Release|Any CPU
	EndGlobalSection
	GlobalSection(SolutionProperties) = preSolution
		HideSolutionNode = FALSE
	EndGlobalSection
	GlobalSection(ExtensibilityGlobals) = postSolution
		SolutionGuid = {0F874B7C-4A80-4A73-A5D6-004E7FE4EFD6}
	EndGlobalSection
EndGlobal
