
Microsoft Visual Studio Solution File, Format Version 12.00
# Visual Studio Version 16
VisualStudioVersion = 16.0.31729.503
MinimumVisualStudioVersion = 10.0.40219.1
Project("{FAE04EC0-301F-11D3-BF4B-00C04F79EFBC}") = "60.Ic_Ice_Sinif_Kullanimi", "60.Ic_Ice_Sinif_Kullanimi\60.Ic_Ice_Sinif_Kullanimi.csproj", "{B40874D8-614B-4F95-BC3B-408FFA552A0B}"
EndProject
Global
	GlobalSection(SolutionConfigurationPlatforms) = preSolution
		Debug|Any CPU = Debug|Any CPU
		Release|Any CPU = Release|Any CPU
	EndGlobalSection
	GlobalSection(ProjectConfigurationPlatforms) = postSolution
		{B40874D8-614B-4F95-BC3B-408FFA552A0B}.Debug|Any CPU.ActiveCfg = Debug|Any CPU
		{B40874D8-614B-4F95-BC3B-408FFA552A0B}.Debug|Any CPU.Build.0 = Debug|Any CPU
		{B40874D8-614B-4F95-BC3B-408FFA552A0B}.Release|Any CPU.ActiveCfg = Release|Any CPU
		{B40874D8-614B-4F95-BC3B-408FFA552A0B}.Release|Any CPU.Build.0 = Release|Any CPU
	EndGlobalSection
	GlobalSection(SolutionProperties) = preSolution
		HideSolutionNode = FALSE
	EndGlobalSection
	GlobalSection(ExtensibilityGlobals) = postSolution
		SolutionGuid = {80756E95-F840-49A3-BEBE-5E7A161C2836}
	EndGlobalSection
EndGlobal
